
Microsoft Visual Studio Solution File, Format Version 12.00
# Visual Studio 14
VisualStudioVersion = 14.0.25420.1
MinimumVisualStudioVersion = 10.0.40219.1
Project("{FAE04EC0-301F-11D3-BF4B-00C04F79EFBC}") = "honproject", "honproject\honproject.csproj", "{AD779963-89E7-4FA2-A4C0-D59DA02D557E}"
EndProject
Project("{FAE04EC0-301F-11D3-BF4B-00C04F79EFBC}") = "honproject.Tests", "honproject.Tests\honproject.Tests.csproj", "{CE483DD7-C4D8-4F20-B740-2C295FADC8E2}"
EndProject
Global
	GlobalSection(SolutionConfigurationPlatforms) = preSolution
		Debug|Any CPU = Debug|Any CPU
		Release|Any CPU = Release|Any CPU
	EndGlobalSection
	GlobalSection(ProjectConfigurationPlatforms) = postSolution
		{AD779963-89E7-4FA2-A4C0-D59DA02D557E}.Debug|Any CPU.ActiveCfg = Debug|Any CPU
		{AD779963-89E7-4FA2-A4C0-D59DA02D557E}.Debug|Any CPU.Build.0 = Debug|Any CPU
		{AD779963-89E7-4FA2-A4C0-D59DA02D557E}.Release|Any CPU.ActiveCfg = Release|Any CPU
		{AD779963-89E7-4FA2-A4C0-D59DA02D557E}.Release|Any CPU.Build.0 = Release|Any CPU
		{CE483DD7-C4D8-4F20-B740-2C295FADC8E2}.Debug|Any CPU.ActiveCfg = Debug|Any CPU
		{CE483DD7-C4D8-4F20-B740-2C295FADC8E2}.Debug|Any CPU.Build.0 = Debug|Any CPU
		{CE483DD7-C4D8-4F20-B740-2C295FADC8E2}.Release|Any CPU.ActiveCfg = Release|Any CPU
		{CE483DD7-C4D8-4F20-B740-2C295FADC8E2}.Release|Any CPU.Build.0 = Release|Any CPU
	EndGlobalSection
	GlobalSection(SolutionProperties) = preSolution
		HideSolutionNode = FALSE
	EndGlobalSection
EndGlobal
